
Microsoft Visual Studio Solution File, Format Version 12.00
# Visual Studio Version 16
VisualStudioVersion = 16.0.34114.132
MinimumVisualStudioVersion = 10.0.40219.1
Project("{9A19103F-16F7-4668-BE54-9A1E7A4F7556}") = "Shop", "Shop\Shop.csproj", "{2430F851-B0FA-434B-88CB-A61C681F62A0}"
EndProject
Global
	GlobalSection(SolutionConfigurationPlatforms) = preSolution
		Debug|Any CPU = Debug|Any CPU
		Release|Any CPU = Release|Any CPU
	EndGlobalSection
	GlobalSection(ProjectConfigurationPlatforms) = postSolution
		{2430F851-B0FA-434B-88CB-A61C681F62A0}.Debug|Any CPU.ActiveCfg = Debug|Any CPU
		{2430F851-B0FA-434B-88CB-A61C681F62A0}.Debug|Any CPU.Build.0 = Debug|Any CPU
		{2430F851-B0FA-434B-88CB-A61C681F62A0}.Release|Any CPU.ActiveCfg = Release|Any CPU
		{2430F851-B0FA-434B-88CB-A61C681F62A0}.Release|Any CPU.Build.0 = Release|Any CPU
	EndGlobalSection
	GlobalSection(SolutionProperties) = preSolution
		HideSolutionNode = FALSE
	EndGlobalSection
	GlobalSection(ExtensibilityGlobals) = postSolution
		SolutionGuid = {99700F0D-B22F-4A5F-AFF3-E40819D85BC8}
	EndGlobalSection
EndGlobal
